<Solution>
  <Folder Name="/src/">
    <Project Path="src/EmotePurge.Api/EmotePurge.Api.csproj" />
    <Project Path="src/EmotePurge.Core/EmotePurge.Core.csproj" />
    <Project Path="src/EmotePurge.Infrastructure/EmotePurge.Infrastructure.csproj" />
    <Project Path="src/EmotePurge.Worker/EmotePurge.Worker.csproj" />
  </Folder>
  <Folder Name="/tests/">
    <Project Path="tests/EmotePurge.Api.Tests/EmotePurge.Api.Tests.csproj" />
    <Project Path="tests/EmotePurge.Infrastructure.Tests/EmotePurge.Infrastructure.Tests.csproj" />
    <Project Path="tests/EmotePurge.Worker.Tests/EmotePurge.Worker.Tests.csproj" />
  </Folder>
</Solution>
